
Microsoft Visual Studio Solution File, Format Version 12.00
# Visual Studio Version 16
VisualStudioVersion = 16.0.29201.188
MinimumVisualStudioVersion = 10.0.40219.1
Project("{9A19103F-16F7-4668-BE54-9A1E7A4F7556}") = "Honeywell.Gateway.Incident", "Honeywell.Gateway.Incident\Honeywell.Gateway.Incident.csproj", "{3DFCE324-0F34-4EC8-B8C2-881A916D0CDA}"
EndProject
Project("{9A19103F-16F7-4668-BE54-9A1E7A4F7556}") = "Honeywell.Gateway.Incident.Api", "Honeywell.Gateway.Incident.Api\Honeywell.Gateway.Incident.Api.csproj", "{17CF4D8F-6396-4829-932B-0A4C73B352CD}"
EndProject
Project("{2150E333-8FDC-42A3-9474-1A3956D46DE8}") = "api", "api", "{E033F5F0-523C-4943-98CC-3A0DE8AB8342}"
EndProject
Project("{2150E333-8FDC-42A3-9474-1A3956D46DE8}") = "ddd", "ddd", "{3D8715DC-389E-4C34-A1F4-678C85F1C7CC}"
EndProject
Project("{2150E333-8FDC-42A3-9474-1A3956D46DE8}") = "tests", "tests", "{064CEB1E-3FDE-4577-8F4F-DA03F1EF1CEA}"
EndProject
Project("{9A19103F-16F7-4668-BE54-9A1E7A4F7556}") = "Honeywell.Gateway.Incident.Host", "Honeywell.Gateway.Incident.Host\Honeywell.Gateway.Incident.Host.csproj", "{DF33F020-6510-4727-BA2D-DA399C11585D}"
EndProject
Project("{9A19103F-16F7-4668-BE54-9A1E7A4F7556}") = "Honeywell.GateWay.Incident.Application", "Honeywell.GateWay.Incident.Application\Honeywell.GateWay.Incident.Application.csproj", "{3D13A11A-EB10-4754-894A-845B68B392F4}"
EndProject
Project("{2150E333-8FDC-42A3-9474-1A3956D46DE8}") = "unit", "unit", "{57505F0B-1481-4B13-AF9E-7856CCF5BCA2}"
EndProject
Project("{9A19103F-16F7-4668-BE54-9A1E7A4F7556}") = "Honeywell.GateWay.Incident.Application.UnitTests", "..\test\unit\Honeywell.GateWay.Incident.Application.UnitTests\Honeywell.GateWay.Incident.Application.UnitTests.csproj", "{76A40EFA-F7B4-4980-A713-D7A89D10B5D5}"
EndProject
Project("{9A19103F-16F7-4668-BE54-9A1E7A4F7556}") = "Honeywell.GateWay.Incident.ApplicationStub", "Honeywell.GateWay.Incident.ApplicationStub\Honeywell.GateWay.Incident.ApplicationStub.csproj", "{61636CE8-FF42-44DD-9A45-20C7905A5209}"
EndProject
Project("{2150E333-8FDC-42A3-9474-1A3956D46DE8}") = "apitest", "apitest", "{34EAA26A-3F98-4759-8449-3CD52D531E9A}"
EndProject
Project("{9A19103F-16F7-4668-BE54-9A1E7A4F7556}") = "Incident.ApiTests", "..\test\api\Incident.ApiTests\Incident.ApiTests.csproj", "{9273EC95-7363-46CF-B416-D407B7A7FFC8}"
EndProject
Project("{FAE04EC0-301F-11D3-BF4B-00C04F79EFBC}") = "Honeywell.GateWay.Incident.Repository", "Honeywell.GateWay.Incident.Repository\Honeywell.GateWay.Incident.Repository.csproj", "{4A0C480B-971C-4B60-8D1D-79BFA7F31A21}"
EndProject
Global
	GlobalSection(SolutionConfigurationPlatforms) = preSolution
		Debug|Any CPU = Debug|Any CPU
		Release|Any CPU = Release|Any CPU
	EndGlobalSection
	GlobalSection(ProjectConfigurationPlatforms) = postSolution
		{3DFCE324-0F34-4EC8-B8C2-881A916D0CDA}.Debug|Any CPU.ActiveCfg = Debug|Any CPU
		{3DFCE324-0F34-4EC8-B8C2-881A916D0CDA}.Debug|Any CPU.Build.0 = Debug|Any CPU
		{3DFCE324-0F34-4EC8-B8C2-881A916D0CDA}.Release|Any CPU.ActiveCfg = Release|Any CPU
		{3DFCE324-0F34-4EC8-B8C2-881A916D0CDA}.Release|Any CPU.Build.0 = Release|Any CPU
		{17CF4D8F-6396-4829-932B-0A4C73B352CD}.Debug|Any CPU.ActiveCfg = Debug|Any CPU
		{17CF4D8F-6396-4829-932B-0A4C73B352CD}.Debug|Any CPU.Build.0 = Debug|Any CPU
		{17CF4D8F-6396-4829-932B-0A4C73B352CD}.Release|Any CPU.ActiveCfg = Release|Any CPU
		{17CF4D8F-6396-4829-932B-0A4C73B352CD}.Release|Any CPU.Build.0 = Release|Any CPU
		{DF33F020-6510-4727-BA2D-DA399C11585D}.Debug|Any CPU.ActiveCfg = Debug|Any CPU
		{DF33F020-6510-4727-BA2D-DA399C11585D}.Debug|Any CPU.Build.0 = Debug|Any CPU
		{DF33F020-6510-4727-BA2D-DA399C11585D}.Release|Any CPU.ActiveCfg = Release|Any CPU
		{DF33F020-6510-4727-BA2D-DA399C11585D}.Release|Any CPU.Build.0 = Release|Any CPU
		{3D13A11A-EB10-4754-894A-845B68B392F4}.Debug|Any CPU.ActiveCfg = Debug|Any CPU
		{3D13A11A-EB10-4754-894A-845B68B392F4}.Debug|Any CPU.Build.0 = Debug|Any CPU
		{3D13A11A-EB10-4754-894A-845B68B392F4}.Release|Any CPU.ActiveCfg = Release|Any CPU
		{3D13A11A-EB10-4754-894A-845B68B392F4}.Release|Any CPU.Build.0 = Release|Any CPU
		{76A40EFA-F7B4-4980-A713-D7A89D10B5D5}.Debug|Any CPU.ActiveCfg = Debug|Any CPU
		{76A40EFA-F7B4-4980-A713-D7A89D10B5D5}.Debug|Any CPU.Build.0 = Debug|Any CPU
		{76A40EFA-F7B4-4980-A713-D7A89D10B5D5}.Release|Any CPU.ActiveCfg = Release|Any CPU
		{76A40EFA-F7B4-4980-A713-D7A89D10B5D5}.Release|Any CPU.Build.0 = Release|Any CPU
		{61636CE8-FF42-44DD-9A45-20C7905A5209}.Debug|Any CPU.ActiveCfg = Debug|Any CPU
		{61636CE8-FF42-44DD-9A45-20C7905A5209}.Debug|Any CPU.Build.0 = Debug|Any CPU
		{61636CE8-FF42-44DD-9A45-20C7905A5209}.Release|Any CPU.ActiveCfg = Release|Any CPU
		{61636CE8-FF42-44DD-9A45-20C7905A5209}.Release|Any CPU.Build.0 = Release|Any CPU
		{9273EC95-7363-46CF-B416-D407B7A7FFC8}.Debug|Any CPU.ActiveCfg = Debug|Any CPU
		{9273EC95-7363-46CF-B416-D407B7A7FFC8}.Debug|Any CPU.Build.0 = Debug|Any CPU
		{9273EC95-7363-46CF-B416-D407B7A7FFC8}.Release|Any CPU.ActiveCfg = Release|Any CPU
		{9273EC95-7363-46CF-B416-D407B7A7FFC8}.Release|Any CPU.Build.0 = Release|Any CPU
		{4A0C480B-971C-4B60-8D1D-79BFA7F31A21}.Debug|Any CPU.ActiveCfg = Debug|Any CPU
		{4A0C480B-971C-4B60-8D1D-79BFA7F31A21}.Debug|Any CPU.Build.0 = Debug|Any CPU
		{4A0C480B-971C-4B60-8D1D-79BFA7F31A21}.Release|Any CPU.ActiveCfg = Release|Any CPU
		{4A0C480B-971C-4B60-8D1D-79BFA7F31A21}.Release|Any CPU.Build.0 = Release|Any CPU
	EndGlobalSection
	GlobalSection(SolutionProperties) = preSolution
		HideSolutionNode = FALSE
	EndGlobalSection
	GlobalSection(NestedProjects) = preSolution
		{3DFCE324-0F34-4EC8-B8C2-881A916D0CDA} = {E033F5F0-523C-4943-98CC-3A0DE8AB8342}
		{17CF4D8F-6396-4829-932B-0A4C73B352CD} = {E033F5F0-523C-4943-98CC-3A0DE8AB8342}
		{3D13A11A-EB10-4754-894A-845B68B392F4} = {3D8715DC-389E-4C34-A1F4-678C85F1C7CC}
		{57505F0B-1481-4B13-AF9E-7856CCF5BCA2} = {064CEB1E-3FDE-4577-8F4F-DA03F1EF1CEA}
		{76A40EFA-F7B4-4980-A713-D7A89D10B5D5} = {57505F0B-1481-4B13-AF9E-7856CCF5BCA2}
		{61636CE8-FF42-44DD-9A45-20C7905A5209} = {3D8715DC-389E-4C34-A1F4-678C85F1C7CC}
		{34EAA26A-3F98-4759-8449-3CD52D531E9A} = {064CEB1E-3FDE-4577-8F4F-DA03F1EF1CEA}
		{9273EC95-7363-46CF-B416-D407B7A7FFC8} = {34EAA26A-3F98-4759-8449-3CD52D531E9A}
		{4A0C480B-971C-4B60-8D1D-79BFA7F31A21} = {3D8715DC-389E-4C34-A1F4-678C85F1C7CC}
	EndGlobalSection
	GlobalSection(ExtensibilityGlobals) = postSolution
		SolutionGuid = {D24BAF0E-B64F-4119-B01E-A24DC417ABD2}
	EndGlobalSection
EndGlobal
